<?xml version="1.0" encoding="utf-8"?>
<Project ToolsVersion="4.0" xmlns="http://schemas.microsoft.com/developer/msbuild/2003">
  <ItemGroup>
    <Filter Include="Code\script\src">
      <UniqueIdentifier>{B0573EC4-56F7-4846-858F-D7BC0F504CD0}</UniqueIdentifier>
    </Filter>
    <Filter Include="Code\script">
      <UniqueIdentifier>{3F9C11DD-ED34-4BE5-8D22-759190E5EB17}</UniqueIdentifier>
    </Filter>
    <Filter Include="Code">
      <UniqueIdentifier>{F8FAC738-2EEE-43D4-821A-B3009966E6BC}</UniqueIdentifier>
    </Filter>
    <Filter Include="Code\script\include">
      <UniqueIdentifier>{2A164C15-02FC-45E9-ABBA-C08FC55FBB7C}</UniqueIdentifier>
    </Filter>
  </ItemGroup>
  <ItemGroup>
    <ClCompile Include="..\..\Libraries\TiltedScript\Code\script\src\lsqlite3.cpp">
      <Filter>Code\script\src</Filter>
    </ClCompile>
    <ClCompile Include="..\..\Libraries\TiltedScript\Code\script\include\TiltedScriptPCH.h">
      <Filter>Code\script\include</Filter>
    </ClCompile>
    <ClCompile Include="..\..\Libraries\TiltedScript\Code\script\src\NetObject.cpp">
      <Filter>Code\script\src</Filter>
    </ClCompile>
    <ClCompile Include="..\..\Libraries\TiltedScript\Code\script\include\TiltedScriptPCH.h">
      <Filter>Code\script\include</Filter>
    </ClCompile>
    <ClCompile Include="..\..\Libraries\TiltedScript\Code\script\src\NetObjectDefinition.cpp">
      <Filter>Code\script\src</Filter>
    </ClCompile>
    <ClCompile Include="..\..\Libraries\TiltedScript\Code\script\include\TiltedScriptPCH.h">
      <Filter>Code\script\include</Filter>
    </ClCompile>
    <ClCompile Include="..\..\Libraries\TiltedScript\Code\script\src\NetProperties.cpp">
      <Filter>Code\script\src</Filter>
    </ClCompile>
    <ClCompile Include="..\..\Libraries\TiltedScript\Code\script\include\TiltedScriptPCH.h">
      <Filter>Code\script\include</Filter>
    </ClCompile>
    <ClCompile Include="..\..\Libraries\TiltedScript\Code\script\src\NetProperty.cpp">
      <Filter>Code\script\src</Filter>
    </ClCompile>
    <ClCompile Include="..\..\Libraries\TiltedScript\Code\script\include\TiltedScriptPCH.h">
      <Filter>Code\script\include</Filter>
    </ClCompile>
    <ClCompile Include="..\..\Libraries\TiltedScript\Code\script\src\NetRPCs.cpp">
      <Filter>Code\script\src</Filter>
    </ClCompile>
    <ClCompile Include="..\..\Libraries\TiltedScript\Code\script\include\TiltedScriptPCH.h">
      <Filter>Code\script\include</Filter>
    </ClCompile>
    <ClCompile Include="..\..\Libraries\TiltedScript\Code\script\src\NetState.cpp">
      <Filter>Code\script\src</Filter>
    </ClCompile>
    <ClCompile Include="..\..\Libraries\TiltedScript\Code\script\include\TiltedScriptPCH.h">
      <Filter>Code\script\include</Filter>
    </ClCompile>
    <ClCompile Include="..\..\Libraries\TiltedScript\Code\script\src\NetValue.cpp">
      <Filter>Code\script\src</Filter>
    </ClCompile>
    <ClCompile Include="..\..\Libraries\TiltedScript\Code\script\include\TiltedScriptPCH.h">
      <Filter>Code\script\include</Filter>
    </ClCompile>
    <ClCompile Include="..\..\Libraries\TiltedScript\Code\script\src\ScriptContext.cpp">
      <Filter>Code\script\src</Filter>
    </ClCompile>
    <ClCompile Include="..\..\Libraries\TiltedScript\Code\script\include\TiltedScriptPCH.h">
      <Filter>Code\script\include</Filter>
    </ClCompile>
    <ClCompile Include="..\..\Libraries\TiltedScript\Code\script\src\ScriptStore.cpp">
      <Filter>Code\script\src</Filter>
    </ClCompile>
    <ClCompile Include="..\..\Libraries\TiltedScript\Code\script\include\TiltedScriptPCH.h">
      <Filter>Code\script\include</Filter>
    </ClCompile>
    <ClCompile Include="..\..\Libraries\TiltedScript\Code\script\src\TiltedScriptPCH.cpp">
      <Filter>Code\script\src</Filter>
    </ClCompile>
    <ClCompile Include="..\..\Libraries\TiltedScript\Code\script\include\TiltedScriptPCH.h">
      <Filter>Code\script\include</Filter>
    </ClCompile>
  </ItemGroup>
  <ItemGroup>
    <ClInclude Include="..\..\Libraries\TiltedScript\Code\script\include\lsqlite3.h">
      <Filter>Code\script\include</Filter>
    </ClInclude>
    <ClInclude Include="..\..\Libraries\TiltedScript\Code\script\include\NetObject.h">
      <Filter>Code\script\include</Filter>
    </ClInclude>
    <ClInclude Include="..\..\Libraries\TiltedScript\Code\script\include\NetObjectDefinition.h">
      <Filter>Code\script\include</Filter>
    </ClInclude>
    <ClInclude Include="..\..\Libraries\TiltedScript\Code\script\include\NetProperties.h">
      <Filter>Code\script\include</Filter>
    </ClInclude>
    <ClInclude Include="..\..\Libraries\TiltedScript\Code\script\include\NetProperty.h">
      <Filter>Code\script\include</Filter>
    </ClInclude>
    <ClInclude Include="..\..\Libraries\TiltedScript\Code\script\include\NetRPCs.h">
      <Filter>Code\script\include</Filter>
    </ClInclude>
    <ClInclude Include="..\..\Libraries\TiltedScript\Code\script\include\NetScript.h">
      <Filter>Code\script\include</Filter>
    </ClInclude>
    <ClInclude Include="..\..\Libraries\TiltedScript\Code\script\include\NetState.h">
      <Filter>Code\script\include</Filter>
    </ClInclude>
    <ClInclude Include="..\..\Libraries\TiltedScript\Code\script\include\NetValue.h">
      <Filter>Code\script\include</Filter>
    </ClInclude>
    <ClInclude Include="..\..\Libraries\TiltedScript\Code\script\include\ScriptContext.h">
      <Filter>Code\script\include</Filter>
    </ClInclude>
    <ClInclude Include="..\..\Libraries\TiltedScript\Code\script\include\ScriptStore.h">
      <Filter>Code\script\include</Filter>
    </ClInclude>
    <ClInclude Include="..\..\Libraries\TiltedScript\Code\script\include\TiltedScriptPCH.h">
      <Filter>Code\script\include</Filter>
    </ClInclude>
    <ClInclude Include="..\..\Libraries\TiltedScript\Code\script\include\NetRPCs.inl">
      <Filter>Code\script\include</Filter>
    </ClInclude>
    <ClInclude Include="..\..\Libraries\TiltedScript\Code\script\include\NetState.inl">
      <Filter>Code\script\include</Filter>
    </ClInclude>
  </ItemGroup>
</Project>
