<?xml version="1.0" encoding="utf-8"?>
<Project ToolsVersion="4.0" xmlns="http://schemas.microsoft.com/developer/msbuild/2003">
  <ItemGroup>
    <Filter Include="Structs">
      <UniqueIdentifier>{E320A74D-1655-4187-A8D1-070D8BE6FC0A}</UniqueIdentifier>
    </Filter>
  </ItemGroup>
  <ItemGroup>
    <ClCompile Include="..\..\Code\common\Structs\TimeModel.cpp">
      <Filter>Structs</Filter>
    </ClCompile>
  </ItemGroup>
  <ItemGroup>
    <ClInclude Include="..\..\Code\common\Structs\TimeModel.h">
      <Filter>Structs</Filter>
    </ClInclude>
  </ItemGroup>
</Project>
