<?xml version="1.0" encoding="utf-8"?>
<Project ToolsVersion="4.0" xmlns="http://schemas.microsoft.com/developer/msbuild/2003">
  <ItemGroup>
    <Filter Include="Games">
      <UniqueIdentifier>{96DFC344-0BE7-469C-987E-396C547B659B}</UniqueIdentifier>
    </Filter>
    <Filter Include="Games\Misc">
      <UniqueIdentifier>{80790AAC-2053-4813-AAC7-340EA5801FC7}</UniqueIdentifier>
    </Filter>
    <Filter Include="Services\Generic">
      <UniqueIdentifier>{D622BB0D-85AC-4575-A9AF-D157448C0228}</UniqueIdentifier>
    </Filter>
    <Filter Include="Services">
      <UniqueIdentifier>{54883E3A-D631-4372-8292-8C3B2CCC2AE6}</UniqueIdentifier>
    </Filter>
    <Filter Include="Systems">
      <UniqueIdentifier>{8D32F513-26DB-4862-8261-76B50C4BA840}</UniqueIdentifier>
    </Filter>
    <Filter Include="Games\Fallout4">
      <UniqueIdentifier>{AF137C6F-BC9E-4B39-AFE3-79D4B9662615}</UniqueIdentifier>
    </Filter>
    <Filter Include="Games\Fallout4\Components">
      <UniqueIdentifier>{D7F4E610-8A08-4F0F-8A00-18199BB38C46}</UniqueIdentifier>
    </Filter>
    <Filter Include="Games\Fallout4\Events">
      <UniqueIdentifier>{7E73331D-9FDD-4ACD-B4FB-08AE7E7564F6}</UniqueIdentifier>
    </Filter>
    <Filter Include="Games\Fallout4\Forms">
      <UniqueIdentifier>{974B82D3-C104-4967-AA3C-1FA3CB6F6A8D}</UniqueIdentifier>
    </Filter>
    <Filter Include="Games\Fallout4\Misc">
      <UniqueIdentifier>{77A9289C-04A4-4D17-94FD-A88F8183F0CC}</UniqueIdentifier>
    </Filter>
    <Filter Include="Components">
      <UniqueIdentifier>{FF49CA1F-D6CC-4892-AF08-D94BEFFE46B3}</UniqueIdentifier>
    </Filter>
    <Filter Include="Events">
      <UniqueIdentifier>{076F8A71-FB48-47F6-84C0-8F4B07C7E906}</UniqueIdentifier>
    </Filter>
    <Filter Include="Games\Animation">
      <UniqueIdentifier>{5A44E92F-B1CC-444C-9973-951A2BFFAA5C}</UniqueIdentifier>
    </Filter>
    <Filter Include="Games\Fallout4\Effects">
      <UniqueIdentifier>{081616A3-06DF-4D1F-BC97-7E0DB17192FE}</UniqueIdentifier>
    </Filter>
    <Filter Include="Games\Fallout4\ExtraData">
      <UniqueIdentifier>{DD96AEFF-A81D-40C3-B37E-F83386A84251}</UniqueIdentifier>
    </Filter>
    <Filter Include="Games\Fallout4\Havok">
      <UniqueIdentifier>{F53A6ECE-194A-4DCF-945E-9F5274730D86}</UniqueIdentifier>
    </Filter>
  </ItemGroup>
  <ItemGroup>
    <ClCompile Include="..\..\Code\client\Games\ActorExtension.cpp">
      <Filter>Games</Filter>
    </ClCompile>
    <ClCompile Include="..\..\Code\client\Games\Animation.cpp">
      <Filter>Games</Filter>
    </ClCompile>
    <ClCompile Include="..\..\Code\client\Games\BSAnimationGraphManager.cpp">
      <Filter>Games</Filter>
    </ClCompile>
    <ClCompile Include="..\..\Code\client\Games\ExtraData.cpp">
      <Filter>Games</Filter>
    </ClCompile>
    <ClCompile Include="..\..\Code\client\Games\FormFactory.cpp">
      <Filter>Games</Filter>
    </ClCompile>
    <ClCompile Include="..\..\Code\client\Games\Forms.cpp">
      <Filter>Games</Filter>
    </ClCompile>
    <ClCompile Include="..\..\Code\client\Games\IAnimationGraphManagerHolder.cpp">
      <Filter>Games</Filter>
    </ClCompile>
    <ClCompile Include="..\..\Code\client\Games\INISettingCollection.cpp">
      <Filter>Games</Filter>
    </ClCompile>
    <ClCompile Include="..\..\Code\client\Games\Memory.cpp">
      <Filter>Games</Filter>
    </ClCompile>
    <ClCompile Include="..\..\Code\client\Games\Misc\BSScript.cpp">
      <Filter>Games\Misc</Filter>
    </ClCompile>
    <ClCompile Include="..\..\Code\client\Games\Misc\Lock.cpp">
      <Filter>Games\Misc</Filter>
    </ClCompile>
    <ClCompile Include="..\..\Code\client\Games\Misc\QuestCallbackManager.cpp">
      <Filter>Games\Misc</Filter>
    </ClCompile>
    <ClCompile Include="..\..\Code\client\Games\Misc\UI.cpp">
      <Filter>Games\Misc</Filter>
    </ClCompile>
    <ClCompile Include="..\..\Code\client\Games\ModManager.cpp">
      <Filter>Games</Filter>
    </ClCompile>
    <ClCompile Include="..\..\Code\client\Games\Overrides.cpp">
      <Filter>Games</Filter>
    </ClCompile>
    <ClCompile Include="..\..\Code\client\Games\Primitives.cpp">
      <Filter>Games</Filter>
    </ClCompile>
    <ClCompile Include="..\..\Code\client\Games\References.cpp">
      <Filter>Games</Filter>
    </ClCompile>
    <ClCompile Include="..\..\Code\client\Games\Renderer.cpp">
      <Filter>Games</Filter>
    </ClCompile>
    <ClCompile Include="..\..\Code\client\Games\SaveLoad.cpp">
      <Filter>Games</Filter>
    </ClCompile>
    <ClCompile Include="..\..\Code\client\Games\System.cpp">
      <Filter>Games</Filter>
    </ClCompile>
    <ClCompile Include="..\..\Code\client\Games\TES.cpp">
      <Filter>Games</Filter>
    </ClCompile>
    <ClCompile Include="..\..\Code\client\Games\TimeManager.cpp">
      <Filter>Games</Filter>
    </ClCompile>
    <ClCompile Include="..\..\Code\client\Services\Generic\ActorService.cpp">
      <Filter>Services\Generic</Filter>
    </ClCompile>
    <ClCompile Include="..\..\Code\client\Services\Generic\CharacterService.cpp">
      <Filter>Services\Generic</Filter>
    </ClCompile>
    <ClCompile Include="..\..\Code\client\Services\Generic\DiscordService.cpp">
      <Filter>Services\Generic</Filter>
    </ClCompile>
    <ClCompile Include="..\..\Code\client\Services\Generic\DiscoveryService.cpp">
      <Filter>Services\Generic</Filter>
    </ClCompile>
    <ClCompile Include="..\..\Code\client\Services\Generic\EntityService.cpp">
      <Filter>Services\Generic</Filter>
    </ClCompile>
    <ClCompile Include="..\..\Code\client\Services\Generic\EnvironmentService.cpp">
      <Filter>Services\Generic</Filter>
    </ClCompile>
    <ClCompile Include="..\..\Code\client\Services\Generic\ImguiService.cpp">
      <Filter>Services\Generic</Filter>
    </ClCompile>
    <ClCompile Include="..\..\Code\client\Services\Generic\imgui_impl_dx11.cpp">
      <Filter>Services\Generic</Filter>
    </ClCompile>
    <ClCompile Include="..\..\Code\client\Services\Generic\imgui_impl_win32.cpp">
      <Filter>Services\Generic</Filter>
    </ClCompile>
    <ClCompile Include="..\..\Code\client\Services\Generic\InputService.cpp">
      <Filter>Services\Generic</Filter>
    </ClCompile>
    <ClCompile Include="..\..\Code\client\Services\Generic\InventoryService.cpp">
      <Filter>Services\Generic</Filter>
    </ClCompile>
    <ClCompile Include="..\..\Code\client\Services\Generic\OverlayClient.cpp">
      <Filter>Services\Generic</Filter>
    </ClCompile>
    <ClCompile Include="..\..\Code\client\Services\Generic\OverlayService.cpp">
      <Filter>Services\Generic</Filter>
    </ClCompile>
    <ClCompile Include="..\..\Code\client\Services\Generic\PapyrusService.cpp">
      <Filter>Services\Generic</Filter>
    </ClCompile>
    <ClCompile Include="..\..\Code\client\Services\Generic\PartyService.cpp">
      <Filter>Services\Generic</Filter>
    </ClCompile>
    <ClCompile Include="..\..\Code\client\Services\Generic\QuestService.cpp">
      <Filter>Services\Generic</Filter>
    </ClCompile>
    <ClCompile Include="..\..\Code\client\Services\Generic\RunnerService.cpp">
      <Filter>Services\Generic</Filter>
    </ClCompile>
    <ClCompile Include="..\..\Code\client\Services\Generic\ScriptService.cpp">
      <Filter>Services\Generic</Filter>
    </ClCompile>
    <ClCompile Include="..\..\Code\client\Services\Generic\StringCacheService.cpp">
      <Filter>Services\Generic</Filter>
    </ClCompile>
    <ClCompile Include="..\..\Code\client\Services\Generic\TestService.cpp">
      <Filter>Services\Generic</Filter>
    </ClCompile>
    <ClCompile Include="..\..\Code\client\Services\Generic\TransportService.cpp">
      <Filter>Services\Generic</Filter>
    </ClCompile>
    <ClCompile Include="..\..\Code\client\Systems\AnimationSystem.cpp">
      <Filter>Systems</Filter>
    </ClCompile>
    <ClCompile Include="..\..\Code\client\Systems\CacheSystem.cpp">
      <Filter>Systems</Filter>
    </ClCompile>
    <ClCompile Include="..\..\Code\client\Systems\FaceGenSystem.cpp">
      <Filter>Systems</Filter>
    </ClCompile>
    <ClCompile Include="..\..\Code\client\Systems\InterpolationSystem.cpp">
      <Filter>Systems</Filter>
    </ClCompile>
    <ClCompile Include="..\..\Code\client\Systems\ModSystem.cpp">
      <Filter>Systems</Filter>
    </ClCompile>
    <ClCompile Include="..\..\Code\client\Systems\RenderSystemD3D11.cpp">
      <Filter>Systems</Filter>
    </ClCompile>
    <ClCompile Include="..\..\Code\client\Games\Fallout4\Actor.cpp">
      <Filter>Games\Fallout4</Filter>
    </ClCompile>
    <ClCompile Include="..\..\Code\client\Games\Fallout4\BSFixedString.cpp">
      <Filter>Games\Fallout4</Filter>
    </ClCompile>
    <ClCompile Include="..\..\Code\client\Games\Fallout4\Components\TESSpellList.cpp">
      <Filter>Games\Fallout4\Components</Filter>
    </ClCompile>
    <ClCompile Include="..\..\Code\client\Games\Fallout4\EquipManager.cpp">
      <Filter>Games\Fallout4</Filter>
    </ClCompile>
    <ClCompile Include="..\..\Code\client\Games\Fallout4\Events\EventDispacther.cpp">
      <Filter>Games\Fallout4\Events</Filter>
    </ClCompile>
    <ClCompile Include="..\..\Code\client\Games\Fallout4\FormManager.cpp">
      <Filter>Games\Fallout4</Filter>
    </ClCompile>
    <ClCompile Include="..\..\Code\client\Games\Fallout4\Forms\ActorValueInfo.cpp">
      <Filter>Games\Fallout4\Forms</Filter>
    </ClCompile>
    <ClCompile Include="..\..\Code\client\Games\Fallout4\Forms\TESNPC.cpp">
      <Filter>Games\Fallout4\Forms</Filter>
    </ClCompile>
    <ClCompile Include="..\..\Code\client\Games\Fallout4\Forms\TESObjectCELL.cpp">
      <Filter>Games\Fallout4\Forms</Filter>
    </ClCompile>
    <ClCompile Include="..\..\Code\client\Games\Fallout4\Forms\TESQuest.cpp">
      <Filter>Games\Fallout4\Forms</Filter>
    </ClCompile>
    <ClCompile Include="..\..\Code\client\Games\Fallout4\LoadingScreen.cpp">
      <Filter>Games\Fallout4</Filter>
    </ClCompile>
    <ClCompile Include="..\..\Code\client\Games\Fallout4\Misc\BSScript.cpp">
      <Filter>Games\Fallout4\Misc</Filter>
    </ClCompile>
    <ClCompile Include="..\..\Code\client\Games\Fallout4\Misc\GameVM.cpp">
      <Filter>Games\Fallout4\Misc</Filter>
    </ClCompile>
    <ClCompile Include="..\..\Code\client\Games\Fallout4\Misc\NEW_REFR_DATA.cpp">
      <Filter>Games\Fallout4\Misc</Filter>
    </ClCompile>
    <ClCompile Include="..\..\Code\client\Games\Fallout4\Misc\WeatherManager.cpp">
      <Filter>Games\Fallout4\Misc</Filter>
    </ClCompile>
    <ClCompile Include="..\..\Code\client\Games\Fallout4\PlayerCharacter.cpp">
      <Filter>Games\Fallout4</Filter>
    </ClCompile>
    <ClCompile Include="..\..\Code\client\Games\Fallout4\RTTI.cpp">
      <Filter>Games\Fallout4</Filter>
    </ClCompile>
    <ClCompile Include="..\..\Code\client\Games\Fallout4\TESObjectREFR.cpp">
      <Filter>Games\Fallout4</Filter>
    </ClCompile>
  </ItemGroup>
  <ItemGroup>
    <ClInclude Include="..\..\Code\client\Components\ActorValuesComponent.h">
      <Filter>Components</Filter>
    </ClInclude>
    <ClInclude Include="..\..\Code\client\Components\CacheComponent.h">
      <Filter>Components</Filter>
    </ClInclude>
    <ClInclude Include="..\..\Code\client\Components\FaceGenComponent.h">
      <Filter>Components</Filter>
    </ClInclude>
    <ClInclude Include="..\..\Code\client\Components\FormIdComponent.h">
      <Filter>Components</Filter>
    </ClInclude>
    <ClInclude Include="..\..\Code\client\Components\InteractiveObjectComponent.h">
      <Filter>Components</Filter>
    </ClInclude>
    <ClInclude Include="..\..\Code\client\Components\InterpolationComponent.h">
      <Filter>Components</Filter>
    </ClInclude>
    <ClInclude Include="..\..\Code\client\Components\LocalAnimationComponent.h">
      <Filter>Components</Filter>
    </ClInclude>
    <ClInclude Include="..\..\Code\client\Components\LocalComponent.h">
      <Filter>Components</Filter>
    </ClInclude>
    <ClInclude Include="..\..\Code\client\Components\RemoteAnimationComponent.h">
      <Filter>Components</Filter>
    </ClInclude>
    <ClInclude Include="..\..\Code\client\Components\RemoteComponent.h">
      <Filter>Components</Filter>
    </ClInclude>
    <ClInclude Include="..\..\Code\client\Components\WaitingFor3D.h">
      <Filter>Components</Filter>
    </ClInclude>
    <ClInclude Include="..\..\Code\client\Components\WaitingForAssignmentComponent.h">
      <Filter>Components</Filter>
    </ClInclude>
    <ClInclude Include="..\..\Code\client\Events\ActivateEvent.h">
      <Filter>Events</Filter>
    </ClInclude>
    <ClInclude Include="..\..\Code\client\Events\ArrowAttachedEvent.h">
      <Filter>Events</Filter>
    </ClInclude>
    <ClInclude Include="..\..\Code\client\Events\CellChangeEvent.h">
      <Filter>Events</Filter>
    </ClInclude>
    <ClInclude Include="..\..\Code\client\Events\ConnectedEvent.h">
      <Filter>Events</Filter>
    </ClInclude>
    <ClInclude Include="..\..\Code\client\Events\DisconnectedEvent.h">
      <Filter>Events</Filter>
    </ClInclude>
    <ClInclude Include="..\..\Code\client\Events\EquipmentChangeEvent.h">
      <Filter>Events</Filter>
    </ClInclude>
    <ClInclude Include="..\..\Code\client\Events\GridCellChangeEvent.h">
      <Filter>Events</Filter>
    </ClInclude>
    <ClInclude Include="..\..\Code\client\Events\HealthChangeEvent.h">
      <Filter>Events</Filter>
    </ClInclude>
    <ClInclude Include="..\..\Code\client\Events\InventoryChangeEvent.h">
      <Filter>Events</Filter>
    </ClInclude>
    <ClInclude Include="..\..\Code\client\Events\LocationChangeEvent.h">
      <Filter>Events</Filter>
    </ClInclude>
    <ClInclude Include="..\..\Code\client\Events\LockChangeEvent.h">
      <Filter>Events</Filter>
    </ClInclude>
    <ClInclude Include="..\..\Code\client\Events\MagicSyncEvent.h">
      <Filter>Events</Filter>
    </ClInclude>
    <ClInclude Include="..\..\Code\client\Events\PapyrusFunctionRegisterEvent.h">
      <Filter>Events</Filter>
    </ClInclude>
    <ClInclude Include="..\..\Code\client\Events\PreUpdateEvent.h">
      <Filter>Events</Filter>
    </ClInclude>
    <ClInclude Include="..\..\Code\client\Events\ReferenceAddedEvent.h">
      <Filter>Events</Filter>
    </ClInclude>
    <ClInclude Include="..\..\Code\client\Events\ReferenceRemovedEvent.h">
      <Filter>Events</Filter>
    </ClInclude>
    <ClInclude Include="..\..\Code\client\Events\ReferenceSpawnedEvent.h">
      <Filter>Events</Filter>
    </ClInclude>
    <ClInclude Include="..\..\Code\client\Events\SpellCastEvent.h">
      <Filter>Events</Filter>
    </ClInclude>
    <ClInclude Include="..\..\Code\client\Events\UpdateEvent.h">
      <Filter>Events</Filter>
    </ClInclude>
    <ClInclude Include="..\..\Code\client\Games\ActorExtension.h">
      <Filter>Games</Filter>
    </ClInclude>
    <ClInclude Include="..\..\Code\client\Games\Animation\ActionInput.h">
      <Filter>Games\Animation</Filter>
    </ClInclude>
    <ClInclude Include="..\..\Code\client\Games\Animation\ActionOutput.h">
      <Filter>Games\Animation</Filter>
    </ClInclude>
    <ClInclude Include="..\..\Code\client\Games\Animation\ActorMediator.h">
      <Filter>Games\Animation</Filter>
    </ClInclude>
    <ClInclude Include="..\..\Code\client\Games\Animation\BGSActionData.h">
      <Filter>Games\Animation</Filter>
    </ClInclude>
    <ClInclude Include="..\..\Code\client\Games\Animation\BSAnimationGraphChannel.h">
      <Filter>Games\Animation</Filter>
    </ClInclude>
    <ClInclude Include="..\..\Code\client\Games\Animation\IAnimationGraphManagerHolder.h">
      <Filter>Games\Animation</Filter>
    </ClInclude>
    <ClInclude Include="..\..\Code\client\Games\Animation\TESActionData.h">
      <Filter>Games\Animation</Filter>
    </ClInclude>
    <ClInclude Include="..\..\Code\client\Games\Events.h">
      <Filter>Games</Filter>
    </ClInclude>
    <ClInclude Include="..\..\Code\client\Games\ExtraData.h">
      <Filter>Games</Filter>
    </ClInclude>
    <ClInclude Include="..\..\Code\client\Games\IFormFactory.h">
      <Filter>Games</Filter>
    </ClInclude>
    <ClInclude Include="..\..\Code\client\Games\Memory.h">
      <Filter>Games</Filter>
    </ClInclude>
    <ClInclude Include="..\..\Code\client\Games\Misc\Lock.h">
      <Filter>Games\Misc</Filter>
    </ClInclude>
    <ClInclude Include="..\..\Code\client\Games\Misc\QuestCallbackManager.h">
      <Filter>Games\Misc</Filter>
    </ClInclude>
    <ClInclude Include="..\..\Code\client\Games\Misc\UI.h">
      <Filter>Games\Misc</Filter>
    </ClInclude>
    <ClInclude Include="..\..\Code\client\Games\Overrides.h">
      <Filter>Games</Filter>
    </ClInclude>
    <ClInclude Include="..\..\Code\client\Games\Papyrus.h">
      <Filter>Games</Filter>
    </ClInclude>
    <ClInclude Include="..\..\Code\client\Games\Primitives.h">
      <Filter>Games</Filter>
    </ClInclude>
    <ClInclude Include="..\..\Code\client\Games\References.h">
      <Filter>Games</Filter>
    </ClInclude>
    <ClInclude Include="..\..\Code\client\Games\System.h">
      <Filter>Games</Filter>
    </ClInclude>
    <ClInclude Include="..\..\Code\client\Games\TES.h">
      <Filter>Games</Filter>
    </ClInclude>
    <ClInclude Include="..\..\Code\client\Services\ActorService.h">
      <Filter>Services</Filter>
    </ClInclude>
    <ClInclude Include="..\..\Code\client\Services\CharacterService.h">
      <Filter>Services</Filter>
    </ClInclude>
    <ClInclude Include="..\..\Code\client\Services\DiscordService.h">
      <Filter>Services</Filter>
    </ClInclude>
    <ClInclude Include="..\..\Code\client\Services\DiscoveryService.h">
      <Filter>Services</Filter>
    </ClInclude>
    <ClInclude Include="..\..\Code\client\Services\EntityService.h">
      <Filter>Services</Filter>
    </ClInclude>
    <ClInclude Include="..\..\Code\client\Services\EnvironmentService.h">
      <Filter>Services</Filter>
    </ClInclude>
    <ClInclude Include="..\..\Code\client\Services\Generic\imgui_impl_dx11.h">
      <Filter>Services\Generic</Filter>
    </ClInclude>
    <ClInclude Include="..\..\Code\client\Services\Generic\imgui_impl_win32.h">
      <Filter>Services\Generic</Filter>
    </ClInclude>
    <ClInclude Include="..\..\Code\client\Services\ImguiService.h">
      <Filter>Services</Filter>
    </ClInclude>
    <ClInclude Include="..\..\Code\client\Services\InputService.h">
      <Filter>Services</Filter>
    </ClInclude>
    <ClInclude Include="..\..\Code\client\Services\InventoryService.h">
      <Filter>Services</Filter>
    </ClInclude>
    <ClInclude Include="..\..\Code\client\Services\OverlayClient.h">
      <Filter>Services</Filter>
    </ClInclude>
    <ClInclude Include="..\..\Code\client\Services\OverlayService.h">
      <Filter>Services</Filter>
    </ClInclude>
    <ClInclude Include="..\..\Code\client\Services\PapyrusService.h">
      <Filter>Services</Filter>
    </ClInclude>
    <ClInclude Include="..\..\Code\client\Services\PartyService.h">
      <Filter>Services</Filter>
    </ClInclude>
    <ClInclude Include="..\..\Code\client\Services\QuestService.h">
      <Filter>Services</Filter>
    </ClInclude>
    <ClInclude Include="..\..\Code\client\Services\RunnerService.h">
      <Filter>Services</Filter>
    </ClInclude>
    <ClInclude Include="..\..\Code\client\Services\ScriptService.h">
      <Filter>Services</Filter>
    </ClInclude>
    <ClInclude Include="..\..\Code\client\Services\StringCacheService.h">
      <Filter>Services</Filter>
    </ClInclude>
    <ClInclude Include="..\..\Code\client\Services\TestService.h">
      <Filter>Services</Filter>
    </ClInclude>
    <ClInclude Include="..\..\Code\client\Services\TransportService.h">
      <Filter>Services</Filter>
    </ClInclude>
    <ClInclude Include="..\..\Code\client\Systems\AnimationSystem.h">
      <Filter>Systems</Filter>
    </ClInclude>
    <ClInclude Include="..\..\Code\client\Systems\CacheSystem.h">
      <Filter>Systems</Filter>
    </ClInclude>
    <ClInclude Include="..\..\Code\client\Systems\FaceGenSystem.h">
      <Filter>Systems</Filter>
    </ClInclude>
    <ClInclude Include="..\..\Code\client\Systems\InterpolationSystem.h">
      <Filter>Systems</Filter>
    </ClInclude>
    <ClInclude Include="..\..\Code\client\Systems\ModSystem.h">
      <Filter>Systems</Filter>
    </ClInclude>
    <ClInclude Include="..\..\Code\client\Systems\RenderSystemD3D11.h">
      <Filter>Systems</Filter>
    </ClInclude>
    <ClInclude Include="..\..\Code\client\Games\Fallout4\Actor.h">
      <Filter>Games\Fallout4</Filter>
    </ClInclude>
    <ClInclude Include="..\..\Code\client\Games\Fallout4\BSAnimationGraphManager.h">
      <Filter>Games\Fallout4</Filter>
    </ClInclude>
    <ClInclude Include="..\..\Code\client\Games\Fallout4\Components\BaseFormComponent.h">
      <Filter>Games\Fallout4\Components</Filter>
    </ClInclude>
    <ClInclude Include="..\..\Code\client\Games\Fallout4\Components\BGSAttachParentArray.h">
      <Filter>Games\Fallout4\Components</Filter>
    </ClInclude>
    <ClInclude Include="..\..\Code\client\Games\Fallout4\Components\BGSAttackDataForm.h">
      <Filter>Games\Fallout4\Components</Filter>
    </ClInclude>
    <ClInclude Include="..\..\Code\client\Games\Fallout4\Components\BGSCharacterTint.h">
      <Filter>Games\Fallout4\Components</Filter>
    </ClInclude>
    <ClInclude Include="..\..\Code\client\Games\Fallout4\Components\BGSDestructibleObjectForm.h">
      <Filter>Games\Fallout4\Components</Filter>
    </ClInclude>
    <ClInclude Include="..\..\Code\client\Games\Fallout4\Components\BGSForcedLocRefType.h">
      <Filter>Games\Fallout4\Components</Filter>
    </ClInclude>
    <ClInclude Include="..\..\Code\client\Games\Fallout4\Components\BGSKeywordForm.h">
      <Filter>Games\Fallout4\Components</Filter>
    </ClInclude>
    <ClInclude Include="..\..\Code\client\Games\Fallout4\Components\BGSModelMaterialSwap.h">
      <Filter>Games\Fallout4\Components</Filter>
    </ClInclude>
    <ClInclude Include="..\..\Code\client\Games\Fallout4\Components\BGSNativeTerminalForm.h">
      <Filter>Games\Fallout4\Components</Filter>
    </ClInclude>
    <ClInclude Include="..\..\Code\client\Games\Fallout4\Components\BGSOverridePackCollection.h">
      <Filter>Games\Fallout4\Components</Filter>
    </ClInclude>
    <ClInclude Include="..\..\Code\client\Games\Fallout4\Components\BGSPerkRankArray.h">
      <Filter>Games\Fallout4\Components</Filter>
    </ClInclude>
    <ClInclude Include="..\..\Code\client\Games\Fallout4\Components\BGSPropertySheet.h">
      <Filter>Games\Fallout4\Components</Filter>
    </ClInclude>
    <ClInclude Include="..\..\Code\client\Games\Fallout4\Components\BGSSkinForm.h">
      <Filter>Games\Fallout4\Components</Filter>
    </ClInclude>
    <ClInclude Include="..\..\Code\client\Games\Fallout4\Components\TESActorBaseData.h">
      <Filter>Games\Fallout4\Components</Filter>
    </ClInclude>
    <ClInclude Include="..\..\Code\client\Games\Fallout4\Components\TESAIForm.h">
      <Filter>Games\Fallout4\Components</Filter>
    </ClInclude>
    <ClInclude Include="..\..\Code\client\Games\Fallout4\Components\TESContainer.h">
      <Filter>Games\Fallout4\Components</Filter>
    </ClInclude>
    <ClInclude Include="..\..\Code\client\Games\Fallout4\Components\TESFullName.h">
      <Filter>Games\Fallout4\Components</Filter>
    </ClInclude>
    <ClInclude Include="..\..\Code\client\Games\Fallout4\Components\TESLeveledList.h">
      <Filter>Games\Fallout4\Components</Filter>
    </ClInclude>
    <ClInclude Include="..\..\Code\client\Games\Fallout4\Components\TESModel.h">
      <Filter>Games\Fallout4\Components</Filter>
    </ClInclude>
    <ClInclude Include="..\..\Code\client\Games\Fallout4\Components\TESRaceForm.h">
      <Filter>Games\Fallout4\Components</Filter>
    </ClInclude>
    <ClInclude Include="..\..\Code\client\Games\Fallout4\Components\TESSpellList.h">
      <Filter>Games\Fallout4\Components</Filter>
    </ClInclude>
    <ClInclude Include="..\..\Code\client\Games\Fallout4\Effects\ActiveEffect.h">
      <Filter>Games\Fallout4\Effects</Filter>
    </ClInclude>
    <ClInclude Include="..\..\Code\client\Games\Fallout4\Effects\ValueModifierEffect.h">
      <Filter>Games\Fallout4\Effects</Filter>
    </ClInclude>
    <ClInclude Include="..\..\Code\client\Games\Fallout4\EquipManager.h">
      <Filter>Games\Fallout4</Filter>
    </ClInclude>
    <ClInclude Include="..\..\Code\client\Games\Fallout4\Events\EventDispatcher.h">
      <Filter>Games\Fallout4\Events</Filter>
    </ClInclude>
    <ClInclude Include="..\..\Code\client\Games\Fallout4\Events.h">
      <Filter>Games\Fallout4</Filter>
    </ClInclude>
    <ClInclude Include="..\..\Code\client\Games\Fallout4\ExtraData\ExtraFactionChanges.h">
      <Filter>Games\Fallout4\ExtraData</Filter>
    </ClInclude>
    <ClInclude Include="..\..\Code\client\Games\Fallout4\ExtraData\ExtraLeveledCreature.h">
      <Filter>Games\Fallout4\ExtraData</Filter>
    </ClInclude>
    <ClInclude Include="..\..\Code\client\Games\Fallout4\ExtraData.h">
      <Filter>Games\Fallout4</Filter>
    </ClInclude>
    <ClInclude Include="..\..\Code\client\Games\Fallout4\FormManager.h">
      <Filter>Games\Fallout4</Filter>
    </ClInclude>
    <ClInclude Include="..\..\Code\client\Games\Fallout4\Forms\ActorValueInfo.h">
      <Filter>Games\Fallout4\Forms</Filter>
    </ClInclude>
    <ClInclude Include="..\..\Code\client\Games\Fallout4\Forms\BGSAction.h">
      <Filter>Games\Fallout4\Forms</Filter>
    </ClInclude>
    <ClInclude Include="..\..\Code\client\Games\Fallout4\Forms\BGSColorForm.h">
      <Filter>Games\Fallout4\Forms</Filter>
    </ClInclude>
    <ClInclude Include="..\..\Code\client\Games\Fallout4\Forms\BGSHeadPart.h">
      <Filter>Games\Fallout4\Forms</Filter>
    </ClInclude>
    <ClInclude Include="..\..\Code\client\Games\Fallout4\Forms\BGSKeyword.h">
      <Filter>Games\Fallout4\Forms</Filter>
    </ClInclude>
    <ClInclude Include="..\..\Code\client\Games\Fallout4\Forms\BGSOutfit.h">
      <Filter>Games\Fallout4\Forms</Filter>
    </ClInclude>
    <ClInclude Include="..\..\Code\client\Games\Fallout4\Forms\BGSStoryManagerTree.h">
      <Filter>Games\Fallout4\Forms</Filter>
    </ClInclude>
    <ClInclude Include="..\..\Code\client\Games\Fallout4\Forms\BGSTextureSet.h">
      <Filter>Games\Fallout4\Forms</Filter>
    </ClInclude>
    <ClInclude Include="..\..\Code\client\Games\Fallout4\Forms\BGSVoiceType.h">
      <Filter>Games\Fallout4\Forms</Filter>
    </ClInclude>
    <ClInclude Include="..\..\Code\client\Games\Fallout4\Forms\TESActorBase.h">
      <Filter>Games\Fallout4\Forms</Filter>
    </ClInclude>
    <ClInclude Include="..\..\Code\client\Games\Fallout4\Forms\TESBoundAnimObject.h">
      <Filter>Games\Fallout4\Forms</Filter>
    </ClInclude>
    <ClInclude Include="..\..\Code\client\Games\Fallout4\Forms\TESBoundObject.h">
      <Filter>Games\Fallout4\Forms</Filter>
    </ClInclude>
    <ClInclude Include="..\..\Code\client\Games\Fallout4\Forms\TESClass.h">
      <Filter>Games\Fallout4\Forms</Filter>
    </ClInclude>
    <ClInclude Include="..\..\Code\client\Games\Fallout4\Forms\TESCombatStyle.h">
      <Filter>Games\Fallout4\Forms</Filter>
    </ClInclude>
    <ClInclude Include="..\..\Code\client\Games\Fallout4\Forms\TESFaction.h">
      <Filter>Games\Fallout4\Forms</Filter>
    </ClInclude>
    <ClInclude Include="..\..\Code\client\Games\Fallout4\Forms\TESForm.h">
      <Filter>Games\Fallout4\Forms</Filter>
    </ClInclude>
    <ClInclude Include="..\..\Code\client\Games\Fallout4\Forms\TESGlobal.h">
      <Filter>Games\Fallout4\Forms</Filter>
    </ClInclude>
    <ClInclude Include="..\..\Code\client\Games\Fallout4\Forms\TESIdleForm.h">
      <Filter>Games\Fallout4\Forms</Filter>
    </ClInclude>
    <ClInclude Include="..\..\Code\client\Games\Fallout4\Forms\TESLevCharacter.h">
      <Filter>Games\Fallout4\Forms</Filter>
    </ClInclude>
    <ClInclude Include="..\..\Code\client\Games\Fallout4\Forms\TESNPC.h">
      <Filter>Games\Fallout4\Forms</Filter>
    </ClInclude>
    <ClInclude Include="..\..\Code\client\Games\Fallout4\Forms\TESObject.h">
      <Filter>Games\Fallout4\Forms</Filter>
    </ClInclude>
    <ClInclude Include="..\..\Code\client\Games\Fallout4\Forms\TESObjectCELL.h">
      <Filter>Games\Fallout4\Forms</Filter>
    </ClInclude>
    <ClInclude Include="..\..\Code\client\Games\Fallout4\Forms\TESQuest.h">
      <Filter>Games\Fallout4\Forms</Filter>
    </ClInclude>
    <ClInclude Include="..\..\Code\client\Games\Fallout4\Forms\TESRace.h">
      <Filter>Games\Fallout4\Forms</Filter>
    </ClInclude>
    <ClInclude Include="..\..\Code\client\Games\Fallout4\Forms\TESWorldSpace.h">
      <Filter>Games\Fallout4\Forms</Filter>
    </ClInclude>
    <ClInclude Include="..\..\Code\client\Games\Fallout4\Havok\BShkbAnimationGraph.h">
      <Filter>Games\Fallout4\Havok</Filter>
    </ClInclude>
    <ClInclude Include="..\..\Code\client\Games\Fallout4\Havok\BShkbHkxDB.h">
      <Filter>Games\Fallout4\Havok</Filter>
    </ClInclude>
    <ClInclude Include="..\..\Code\client\Games\Fallout4\Havok\hkbBehaviorGraph.h">
      <Filter>Games\Fallout4\Havok</Filter>
    </ClInclude>
    <ClInclude Include="..\..\Code\client\Games\Fallout4\Havok\hkbStateMachine.h">
      <Filter>Games\Fallout4\Havok</Filter>
    </ClInclude>
    <ClInclude Include="..\..\Code\client\Games\Fallout4\Havok\hkbVariableValueSet.h">
      <Filter>Games\Fallout4\Havok</Filter>
    </ClInclude>
    <ClInclude Include="..\..\Code\client\Games\Fallout4\Havok\hkHashTable.h">
      <Filter>Games\Fallout4\Havok</Filter>
    </ClInclude>
    <ClInclude Include="..\..\Code\client\Games\Fallout4\Havok.h">
      <Filter>Games\Fallout4</Filter>
    </ClInclude>
    <ClInclude Include="..\..\Code\client\Games\Fallout4\LoadingScreen.h">
      <Filter>Games\Fallout4</Filter>
    </ClInclude>
    <ClInclude Include="..\..\Code\client\Games\Fallout4\Misc\ActorProcessManager.h">
      <Filter>Games\Fallout4\Misc</Filter>
    </ClInclude>
    <ClInclude Include="..\..\Code\client\Games\Fallout4\Misc\ActorState.h">
      <Filter>Games\Fallout4\Misc</Filter>
    </ClInclude>
    <ClInclude Include="..\..\Code\client\Games\Fallout4\Misc\ActorValueOwner.h">
      <Filter>Games\Fallout4\Misc</Filter>
    </ClInclude>
    <ClInclude Include="..\..\Code\client\Games\Fallout4\Misc\BSFixedString.h">
      <Filter>Games\Fallout4\Misc</Filter>
    </ClInclude>
    <ClInclude Include="..\..\Code\client\Games\Fallout4\Misc\BSScript.h">
      <Filter>Games\Fallout4\Misc</Filter>
    </ClInclude>
    <ClInclude Include="..\..\Code\client\Games\Fallout4\Misc\BSString.h">
      <Filter>Games\Fallout4\Misc</Filter>
    </ClInclude>
    <ClInclude Include="..\..\Code\client\Games\Fallout4\Misc\GameVM.h">
      <Filter>Games\Fallout4\Misc</Filter>
    </ClInclude>
    <ClInclude Include="..\..\Code\client\Games\Fallout4\Misc\MagicTarget.h">
      <Filter>Games\Fallout4\Misc</Filter>
    </ClInclude>
    <ClInclude Include="..\..\Code\client\Games\Fallout4\Misc\MiddleProcess.h">
      <Filter>Games\Fallout4\Misc</Filter>
    </ClInclude>
    <ClInclude Include="..\..\Code\client\Games\Fallout4\Misc\NativeFunction.h">
      <Filter>Games\Fallout4\Misc</Filter>
    </ClInclude>
    <ClInclude Include="..\..\Code\client\Games\Fallout4\Misc\NEW_REFR_DATA.h">
      <Filter>Games\Fallout4\Misc</Filter>
    </ClInclude>
    <ClInclude Include="..\..\Code\client\Games\Fallout4\Misc\TintMask.h">
      <Filter>Games\Fallout4\Misc</Filter>
    </ClInclude>
    <ClInclude Include="..\..\Code\client\Games\Fallout4\Misc\WeatherManager.h">
      <Filter>Games\Fallout4\Misc</Filter>
    </ClInclude>
    <ClInclude Include="..\..\Code\client\Games\Fallout4\PlayerCharacter.h">
      <Filter>Games\Fallout4</Filter>
    </ClInclude>
    <ClInclude Include="..\..\Code\client\Games\Fallout4\Renderer.h">
      <Filter>Games\Fallout4</Filter>
    </ClInclude>
    <ClInclude Include="..\..\Code\client\Games\Fallout4\RTTI.h">
      <Filter>Games\Fallout4</Filter>
    </ClInclude>
    <ClInclude Include="..\..\Code\client\Games\Fallout4\SaveLoad.h">
      <Filter>Games\Fallout4</Filter>
    </ClInclude>
    <ClInclude Include="..\..\Code\client\Games\Fallout4\TESObjectREFR.h">
      <Filter>Games\Fallout4</Filter>
    </ClInclude>
    <ClInclude Include="..\..\Code\client\Games\Fallout4\TimeManager.h">
      <Filter>Games\Fallout4</Filter>
    </ClInclude>
  </ItemGroup>
</Project>
