<?xml version="1.0" encoding="utf-8"?>
<Project ToolsVersion="4.0" xmlns="http://schemas.microsoft.com/developer/msbuild/2003">
  <ItemGroup>
    <Filter Include="Components">
      <UniqueIdentifier>{FF49CA1F-D6CC-4892-AF08-D94BEFFE46B3}</UniqueIdentifier>
    </Filter>
    <Filter Include="Game">
      <UniqueIdentifier>{CD3C669D-1CEA-443F-9142-508B7608B5A0}</UniqueIdentifier>
    </Filter>
    <Filter Include="Scripts">
      <UniqueIdentifier>{AC528209-E5F3-42F8-A6F5-AD4B2D8EA919}</UniqueIdentifier>
    </Filter>
    <Filter Include="Services">
      <UniqueIdentifier>{54883E3A-D631-4372-8292-8C3B2CCC2AE6}</UniqueIdentifier>
    </Filter>
    <Filter Include="Events">
      <UniqueIdentifier>{076F8A71-FB48-47F6-84C0-8F4B07C7E906}</UniqueIdentifier>
    </Filter>
  </ItemGroup>
  <ItemGroup>
    <ClCompile Include="..\..\Code\server\Components\ModsComponent.cpp">
      <Filter>Components</Filter>
    </ClCompile>
    <ClCompile Include="..\..\Code\server\Game\Cell.cpp">
      <Filter>Game</Filter>
    </ClCompile>
    <ClCompile Include="..\..\Code\server\Game\Map.cpp">
      <Filter>Game</Filter>
    </ClCompile>
    <ClCompile Include="..\..\Code\server\Game\Player.cpp">
      <Filter>Game</Filter>
    </ClCompile>
    <ClCompile Include="..\..\Code\server\Game\PlayerManager.cpp">
      <Filter>Game</Filter>
    </ClCompile>
    <ClCompile Include="..\..\Code\server\Game\Region.cpp">
      <Filter>Game</Filter>
    </ClCompile>
    <ClCompile Include="..\..\Code\server\Scripts\Base.cpp">
      <Filter>Scripts</Filter>
    </ClCompile>
    <ClCompile Include="..\..\Code\server\Scripts\EntityHandle.cpp">
      <Filter>Scripts</Filter>
    </ClCompile>
    <ClCompile Include="..\..\Code\server\Scripts\Npc.cpp">
      <Filter>Scripts</Filter>
    </ClCompile>
    <ClCompile Include="..\..\Code\server\Scripts\Party.cpp">
      <Filter>Scripts</Filter>
    </ClCompile>
    <ClCompile Include="..\..\Code\server\Scripts\Player.cpp">
      <Filter>Scripts</Filter>
    </ClCompile>
    <ClCompile Include="..\..\Code\server\Scripts\Quest.cpp">
      <Filter>Scripts</Filter>
    </ClCompile>
    <ClCompile Include="..\..\Code\server\Services\ActorService.cpp">
      <Filter>Services</Filter>
    </ClCompile>
    <ClCompile Include="..\..\Code\server\Services\AdminService.cpp">
      <Filter>Services</Filter>
    </ClCompile>
    <ClCompile Include="..\..\Code\server\Services\CharacterService.cpp">
      <Filter>Services</Filter>
    </ClCompile>
    <ClCompile Include="..\..\Code\server\Services\EnvironmentService.cpp">
      <Filter>Services</Filter>
    </ClCompile>
    <ClCompile Include="..\..\Code\server\Services\InventoryService.cpp">
      <Filter>Services</Filter>
    </ClCompile>
    <ClCompile Include="..\..\Code\server\Services\PartyService.cpp">
      <Filter>Services</Filter>
    </ClCompile>
    <ClCompile Include="..\..\Code\server\Services\PlayerService.cpp">
      <Filter>Services</Filter>
    </ClCompile>
    <ClCompile Include="..\..\Code\server\Services\QuestService.cpp">
      <Filter>Services</Filter>
    </ClCompile>
    <ClCompile Include="..\..\Code\server\Services\ScriptService.cpp">
      <Filter>Services</Filter>
    </ClCompile>
    <ClCompile Include="..\..\Code\server\Services\ServerListService.cpp">
      <Filter>Services</Filter>
    </ClCompile>
  </ItemGroup>
  <ItemGroup>
    <ClInclude Include="..\..\Code\server\Components\ActorValuesComponent.h">
      <Filter>Components</Filter>
    </ClInclude>
    <ClInclude Include="..\..\Code\server\Components\AnimationComponent.h">
      <Filter>Components</Filter>
    </ClInclude>
    <ClInclude Include="..\..\Code\server\Components\CellIdComponent.h">
      <Filter>Components</Filter>
    </ClInclude>
    <ClInclude Include="..\..\Code\server\Components\CharacterComponent.h">
      <Filter>Components</Filter>
    </ClInclude>
    <ClInclude Include="..\..\Code\server\Components\FormIdComponent.h">
      <Filter>Components</Filter>
    </ClInclude>
    <ClInclude Include="..\..\Code\server\Components\InventoryComponent.h">
      <Filter>Components</Filter>
    </ClInclude>
    <ClInclude Include="..\..\Code\server\Components\ModsComponent.h">
      <Filter>Components</Filter>
    </ClInclude>
    <ClInclude Include="..\..\Code\server\Components\MovementComponent.h">
      <Filter>Components</Filter>
    </ClInclude>
    <ClInclude Include="..\..\Code\server\Components\ObjectComponent.h">
      <Filter>Components</Filter>
    </ClInclude>
    <ClInclude Include="..\..\Code\server\Components\OwnerComponent.h">
      <Filter>Components</Filter>
    </ClInclude>
    <ClInclude Include="..\..\Code\server\Components\PartyComponent.h">
      <Filter>Components</Filter>
    </ClInclude>
    <ClInclude Include="..\..\Code\server\Components\QuestLogComponent.h">
      <Filter>Components</Filter>
    </ClInclude>
    <ClInclude Include="..\..\Code\server\Events\AdminPacketEvent.h">
      <Filter>Events</Filter>
    </ClInclude>
    <ClInclude Include="..\..\Code\server\Events\CharacterExteriorCellChangeEvent.h">
      <Filter>Events</Filter>
    </ClInclude>
    <ClInclude Include="..\..\Code\server\Events\CharacterInteriorCellChangeEvent.h">
      <Filter>Events</Filter>
    </ClInclude>
    <ClInclude Include="..\..\Code\server\Events\CharacterRemoveEvent.h">
      <Filter>Events</Filter>
    </ClInclude>
    <ClInclude Include="..\..\Code\server\Events\CharacterSpawnedEvent.h">
      <Filter>Events</Filter>
    </ClInclude>
    <ClInclude Include="..\..\Code\server\Events\OwnershipTransferEvent.h">
      <Filter>Events</Filter>
    </ClInclude>
    <ClInclude Include="..\..\Code\server\Events\PacketEvent.h">
      <Filter>Events</Filter>
    </ClInclude>
    <ClInclude Include="..\..\Code\server\Events\PlayerEnterWorldEvent.h">
      <Filter>Events</Filter>
    </ClInclude>
    <ClInclude Include="..\..\Code\server\Events\PlayerJoinEvent.h">
      <Filter>Events</Filter>
    </ClInclude>
    <ClInclude Include="..\..\Code\server\Events\PlayerLeaveCellEvent.h">
      <Filter>Events</Filter>
    </ClInclude>
    <ClInclude Include="..\..\Code\server\Events\PlayerLeaveEvent.h">
      <Filter>Events</Filter>
    </ClInclude>
    <ClInclude Include="..\..\Code\server\Events\UpdateEvent.h">
      <Filter>Events</Filter>
    </ClInclude>
    <ClInclude Include="..\..\Code\server\Game\Cell.h">
      <Filter>Game</Filter>
    </ClInclude>
    <ClInclude Include="..\..\Code\server\Game\Map.h">
      <Filter>Game</Filter>
    </ClInclude>
    <ClInclude Include="..\..\Code\server\Game\OwnerView.h">
      <Filter>Game</Filter>
    </ClInclude>
    <ClInclude Include="..\..\Code\server\Game\Player.h">
      <Filter>Game</Filter>
    </ClInclude>
    <ClInclude Include="..\..\Code\server\Game\PlayerManager.h">
      <Filter>Game</Filter>
    </ClInclude>
    <ClInclude Include="..\..\Code\server\Game\Region.h">
      <Filter>Game</Filter>
    </ClInclude>
    <ClInclude Include="..\..\Code\server\Scripts\Base.h">
      <Filter>Scripts</Filter>
    </ClInclude>
    <ClInclude Include="..\..\Code\server\Scripts\EntityHandle.h">
      <Filter>Scripts</Filter>
    </ClInclude>
    <ClInclude Include="..\..\Code\server\Scripts\Npc.h">
      <Filter>Scripts</Filter>
    </ClInclude>
    <ClInclude Include="..\..\Code\server\Scripts\Party.h">
      <Filter>Scripts</Filter>
    </ClInclude>
    <ClInclude Include="..\..\Code\server\Scripts\Player.h">
      <Filter>Scripts</Filter>
    </ClInclude>
    <ClInclude Include="..\..\Code\server\Scripts\Quest.h">
      <Filter>Scripts</Filter>
    </ClInclude>
    <ClInclude Include="..\..\Code\server\Services\ActorService.h">
      <Filter>Services</Filter>
    </ClInclude>
    <ClInclude Include="..\..\Code\server\Services\AdminService.h">
      <Filter>Services</Filter>
    </ClInclude>
    <ClInclude Include="..\..\Code\server\Services\CharacterService.h">
      <Filter>Services</Filter>
    </ClInclude>
    <ClInclude Include="..\..\Code\server\Services\EnvironmentService.h">
      <Filter>Services</Filter>
    </ClInclude>
    <ClInclude Include="..\..\Code\server\Services\InventoryService.h">
      <Filter>Services</Filter>
    </ClInclude>
    <ClInclude Include="..\..\Code\server\Services\PartyService.h">
      <Filter>Services</Filter>
    </ClInclude>
    <ClInclude Include="..\..\Code\server\Services\PlayerService.h">
      <Filter>Services</Filter>
    </ClInclude>
    <ClInclude Include="..\..\Code\server\Services\QuestService.h">
      <Filter>Services</Filter>
    </ClInclude>
    <ClInclude Include="..\..\Code\server\Services\ScriptService.h">
      <Filter>Services</Filter>
    </ClInclude>
    <ClInclude Include="..\..\Code\server\Services\ServerListService.h">
      <Filter>Services</Filter>
    </ClInclude>
  </ItemGroup>
</Project>
