<?xml version="1.0" encoding="utf-8"?>
<Project ToolsVersion="4.0" xmlns="http://schemas.microsoft.com/developer/msbuild/2003">
  <ItemGroup>
    <Filter Include="Code\hooks\src">
      <UniqueIdentifier>{08060FC0-CAD5-45FE-AA5D-F461D13633E4}</UniqueIdentifier>
    </Filter>
    <Filter Include="Code\hooks">
      <UniqueIdentifier>{6B22500A-7192-4836-BC62-7249FA4BE422}</UniqueIdentifier>
    </Filter>
    <Filter Include="Code">
      <UniqueIdentifier>{F8FAC738-2EEE-43D4-821A-B3009966E6BC}</UniqueIdentifier>
    </Filter>
    <Filter Include="Code\hooks\include">
      <UniqueIdentifier>{E137BC25-FFF7-40C0-9296-755C5B6ACE15}</UniqueIdentifier>
    </Filter>
  </ItemGroup>
  <ItemGroup>
    <ClCompile Include="..\..\Libraries\TiltedHooks\Code\hooks\src\D3D11Hook.cpp">
      <Filter>Code\hooks\src</Filter>
    </ClCompile>
    <ClCompile Include="..\..\Libraries\TiltedHooks\Code\hooks\src\DInputHook.cpp">
      <Filter>Code\hooks\src</Filter>
    </ClCompile>
    <ClCompile Include="..\..\Libraries\TiltedHooks\Code\hooks\src\WindowsHook.cpp">
      <Filter>Code\hooks\src</Filter>
    </ClCompile>
  </ItemGroup>
  <ItemGroup>
    <ClInclude Include="..\..\Libraries\TiltedHooks\Code\hooks\include\D3D11Hook.hpp">
      <Filter>Code\hooks\include</Filter>
    </ClInclude>
    <ClInclude Include="..\..\Libraries\TiltedHooks\Code\hooks\include\DInputHook.hpp">
      <Filter>Code\hooks\include</Filter>
    </ClInclude>
    <ClInclude Include="..\..\Libraries\TiltedHooks\Code\hooks\include\WindowsHook.hpp">
      <Filter>Code\hooks\include</Filter>
    </ClInclude>
  </ItemGroup>
</Project>
