<?xml version="1.0" encoding="utf-8"?>
<Project ToolsVersion="4.0" xmlns="http://schemas.microsoft.com/developer/msbuild/2003">
  <ItemGroup>
    <Filter Include="Loader">
      <UniqueIdentifier>{886D55A6-842B-4FBF-BF12-30E90B91207D}</UniqueIdentifier>
    </Filter>
    <Filter Include="Stubs">
      <UniqueIdentifier>{0CB2C30E-5F00-4503-8561-237F0402B8ED}</UniqueIdentifier>
    </Filter>
    <Filter Include="Utils">
      <UniqueIdentifier>{C8CD3D87-3BC4-4DAC-83B2-CAAC2B84D2DC}</UniqueIdentifier>
    </Filter>
  </ItemGroup>
  <ItemGroup>
    <ClCompile Include="..\..\Code\launcher\Loader\ExeLoader.cpp">
      <Filter>Loader</Filter>
    </ClCompile>
    <ClCompile Include="..\..\Code\launcher\Loader\LinkConfig.cpp">
      <Filter>Loader</Filter>
    </ClCompile>
    <ClCompile Include="..\..\Code\launcher\Loader\TlsMemory.cpp">
      <Filter>Loader</Filter>
    </ClCompile>
    <ClCompile Include="..\..\Code\launcher\Stubs\CrtStartupHooks.cpp">
      <Filter>Stubs</Filter>
    </ClCompile>
    <ClCompile Include="..\..\Code\launcher\Stubs\DllBlocklist.cpp">
      <Filter>Stubs</Filter>
    </ClCompile>
    <ClCompile Include="..\..\Code\launcher\Stubs\FileMapping.cpp">
      <Filter>Stubs</Filter>
    </ClCompile>
    <ClCompile Include="..\..\Code\launcher\Utils\Error.cpp">
      <Filter>Utils</Filter>
    </ClCompile>
  </ItemGroup>
  <ItemGroup>
    <ClInclude Include="..\..\Code\launcher\Loader\ExeLoader.h">
      <Filter>Loader</Filter>
    </ClInclude>
    <ClInclude Include="..\..\Code\launcher\Stubs\DllBlocklist.h">
      <Filter>Stubs</Filter>
    </ClInclude>
    <ClInclude Include="..\..\Code\launcher\Utils\Error.h">
      <Filter>Utils</Filter>
    </ClInclude>
    <ClInclude Include="..\..\Code\launcher\Utils\NtInternal.h">
      <Filter>Utils</Filter>
    </ClInclude>
    <ClInclude Include="..\..\Code\launcher\Utils\Registry.h">
      <Filter>Utils</Filter>
    </ClInclude>
    <ClInclude Include="..\..\Code\launcher\Utils\RipZone.h">
      <Filter>Utils</Filter>
    </ClInclude>
    <ClInclude Include="..\..\Code\launcher\Utils\SteamCrypto.h">
      <Filter>Utils</Filter>
    </ClInclude>
  </ItemGroup>
</Project>
