<?xml version="1.0" encoding="utf-8"?>
<Project ToolsVersion="4.0" xmlns="http://schemas.microsoft.com/developer/msbuild/2003">
  <ItemGroup>
    <Filter Include="Code\reverse\src">
      <UniqueIdentifier>{E1414A44-E2FC-4FBD-9D9B-360E764B6C97}</UniqueIdentifier>
    </Filter>
    <Filter Include="Code\reverse">
      <UniqueIdentifier>{1E30DB1B-7E48-4A38-8F26-5106B8FCA094}</UniqueIdentifier>
    </Filter>
    <Filter Include="Code">
      <UniqueIdentifier>{F8FAC738-2EEE-43D4-821A-B3009966E6BC}</UniqueIdentifier>
    </Filter>
    <Filter Include="Code\reverse\include">
      <UniqueIdentifier>{6A75917F-14A3-4031-99C1-43562FA389C0}</UniqueIdentifier>
    </Filter>
  </ItemGroup>
  <ItemGroup>
    <ClCompile Include="..\..\Libraries\TiltedReverse\Code\reverse\src\App.cpp">
      <Filter>Code\reverse\src</Filter>
    </ClCompile>
    <ClCompile Include="..\..\Libraries\TiltedReverse\Code\reverse\src\AutoPtr.cpp">
      <Filter>Code\reverse\src</Filter>
    </ClCompile>
    <ClCompile Include="..\..\Libraries\TiltedReverse\Code\reverse\src\AutoPtrManager.cpp">
      <Filter>Code\reverse\src</Filter>
    </ClCompile>
    <ClCompile Include="..\..\Libraries\TiltedReverse\Code\reverse\src\Debug.cpp">
      <Filter>Code\reverse\src</Filter>
    </ClCompile>
    <ClCompile Include="..\..\Libraries\TiltedReverse\Code\reverse\src\Entry.cpp">
      <Filter>Code\reverse\src</Filter>
    </ClCompile>
    <ClCompile Include="..\..\Libraries\TiltedReverse\Code\reverse\src\FunctionHook.cpp">
      <Filter>Code\reverse\src</Filter>
    </ClCompile>
    <ClCompile Include="..\..\Libraries\TiltedReverse\Code\reverse\src\Pattern.cpp">
      <Filter>Code\reverse\src</Filter>
    </ClCompile>
  </ItemGroup>
  <ItemGroup>
    <ClInclude Include="..\..\Libraries\TiltedReverse\Code\reverse\include\App.hpp">
      <Filter>Code\reverse\include</Filter>
    </ClInclude>
    <ClInclude Include="..\..\Libraries\TiltedReverse\Code\reverse\include\AutoPtr.hpp">
      <Filter>Code\reverse\include</Filter>
    </ClInclude>
    <ClInclude Include="..\..\Libraries\TiltedReverse\Code\reverse\include\AutoPtrManager.hpp">
      <Filter>Code\reverse\include</Filter>
    </ClInclude>
    <ClInclude Include="..\..\Libraries\TiltedReverse\Code\reverse\include\Debug.hpp">
      <Filter>Code\reverse\include</Filter>
    </ClInclude>
    <ClInclude Include="..\..\Libraries\TiltedReverse\Code\reverse\include\Entry.hpp">
      <Filter>Code\reverse\include</Filter>
    </ClInclude>
    <ClInclude Include="..\..\Libraries\TiltedReverse\Code\reverse\include\FunctionHook.hpp">
      <Filter>Code\reverse\include</Filter>
    </ClInclude>
    <ClInclude Include="..\..\Libraries\TiltedReverse\Code\reverse\include\Memory.hpp">
      <Filter>Code\reverse\include</Filter>
    </ClInclude>
    <ClInclude Include="..\..\Libraries\TiltedReverse\Code\reverse\include\MemoryVP.hpp">
      <Filter>Code\reverse\include</Filter>
    </ClInclude>
    <ClInclude Include="..\..\Libraries\TiltedReverse\Code\reverse\include\Pattern.hpp">
      <Filter>Code\reverse\include</Filter>
    </ClInclude>
    <ClInclude Include="..\..\Libraries\TiltedReverse\Code\reverse\include\ThisCall.hpp">
      <Filter>Code\reverse\include</Filter>
    </ClInclude>
    <ClInclude Include="..\..\Libraries\TiltedReverse\Code\reverse\include\Memory_Win.inl">
      <Filter>Code\reverse\include</Filter>
    </ClInclude>
  </ItemGroup>
</Project>
