<?xml version="1.0" encoding="utf-8"?>
<Project ToolsVersion="4.0" xmlns="http://schemas.microsoft.com/developer/msbuild/2003">
  <ItemGroup>
    <Filter Include="Widgets">
      <UniqueIdentifier>{16A26DA7-2124-43E7-8052-6247B9C2CDB9}</UniqueIdentifier>
    </Filter>
  </ItemGroup>
  <ItemGroup>
    <ClCompile Include="..\..\Code\admin\Widgets\Admin.cpp">
      <Filter>Widgets</Filter>
    </ClCompile>
    <ClCompile Include="..\..\Code\admin\Widgets\Console.cpp">
      <Filter>Widgets</Filter>
    </ClCompile>
  </ItemGroup>
  <ItemGroup>
    <ClInclude Include="..\..\Code\admin\Widgets\Admin.h">
      <Filter>Widgets</Filter>
    </ClInclude>
    <ClInclude Include="..\..\Code\admin\Widgets\Console.h">
      <Filter>Widgets</Filter>
    </ClInclude>
    <ClInclude Include="..\..\Code\admin\Widgets\Widget.h">
      <Filter>Widgets</Filter>
    </ClInclude>
  </ItemGroup>
</Project>
